
Microsoft Visual Studio Solution File, Format Version 12.00
# Visual Studio Version 16
VisualStudioVersion = 16.0.29709.97
MinimumVisualStudioVersion = 10.0.40219.1
Project("{FAE04EC0-301F-11D3-BF4B-00C04F79EFBC}") = "eShopSolution1.WebApp", "eShopSolution1.WebApp\eShopSolution1.WebApp.csproj", "{45EBE91A-8A10-47DF-A82C-02FCD8DF9908}"
EndProject
Global
	GlobalSection(SolutionConfigurationPlatforms) = preSolution
		Debug|Any CPU = Debug|Any CPU
		Release|Any CPU = Release|Any CPU
	EndGlobalSection
	GlobalSection(ProjectConfigurationPlatforms) = postSolution
		{45EBE91A-8A10-47DF-A82C-02FCD8DF9908}.Debug|Any CPU.ActiveCfg = Debug|Any CPU
		{45EBE91A-8A10-47DF-A82C-02FCD8DF9908}.Debug|Any CPU.Build.0 = Debug|Any CPU
		{45EBE91A-8A10-47DF-A82C-02FCD8DF9908}.Release|Any CPU.ActiveCfg = Release|Any CPU
		{45EBE91A-8A10-47DF-A82C-02FCD8DF9908}.Release|Any CPU.Build.0 = Release|Any CPU
	EndGlobalSection
	GlobalSection(SolutionProperties) = preSolution
		HideSolutionNode = FALSE
	EndGlobalSection
	GlobalSection(ExtensibilityGlobals) = postSolution
		SolutionGuid = {D340650F-6A12-4BB2-BF5B-F3E0022866C5}
	EndGlobalSection
EndGlobal
